
Microsoft Visual Studio Solution File, Format Version 12.00
# Visual Studio Version 17
VisualStudioVersion = 17.0.31903.59
MinimumVisualStudioVersion = 10.0.40219.1
Project("{FAE04EC0-301F-11D3-BF4B-00C04F79EFBC}") = "Catalog", "Catalog\Catalog.csproj", "{DB0DF008-C60F-4220-81CD-4018E190377B}"
EndProject
Project("{FAE04EC0-301F-11D3-BF4B-00C04F79EFBC}") = "Catalog.UnitTests", "Catalog.UnitTests\Catalog.UnitTests.csproj", "{7B5F6EF0-E18D-4757-A39E-DC28C5FC4087}"
EndProject
Global
	GlobalSection(SolutionConfigurationPlatforms) = preSolution
		Debug|Any CPU = Debug|Any CPU
		Release|Any CPU = Release|Any CPU
	EndGlobalSection
	GlobalSection(SolutionProperties) = preSolution
		HideSolutionNode = FALSE
	EndGlobalSection
	GlobalSection(ProjectConfigurationPlatforms) = postSolution
		{DB0DF008-C60F-4220-81CD-4018E190377B}.Debug|Any CPU.ActiveCfg = Debug|Any CPU
		{DB0DF008-C60F-4220-81CD-4018E190377B}.Debug|Any CPU.Build.0 = Debug|Any CPU
		{DB0DF008-C60F-4220-81CD-4018E190377B}.Release|Any CPU.ActiveCfg = Release|Any CPU
		{DB0DF008-C60F-4220-81CD-4018E190377B}.Release|Any CPU.Build.0 = Release|Any CPU
		{7B5F6EF0-E18D-4757-A39E-DC28C5FC4087}.Debug|Any CPU.ActiveCfg = Debug|Any CPU
		{7B5F6EF0-E18D-4757-A39E-DC28C5FC4087}.Debug|Any CPU.Build.0 = Debug|Any CPU
		{7B5F6EF0-E18D-4757-A39E-DC28C5FC4087}.Release|Any CPU.ActiveCfg = Release|Any CPU
		{7B5F6EF0-E18D-4757-A39E-DC28C5FC4087}.Release|Any CPU.Build.0 = Release|Any CPU
	EndGlobalSection
EndGlobal
